
Microsoft Visual Studio Solution File, Format Version 12.00
# Visual Studio Version 16
VisualStudioVersion = 16.0.30523.141
MinimumVisualStudioVersion = 10.0.40219.1
Project("{9A19103F-16F7-4668-BE54-9A1E7A4F7556}") = "GameOfLife", "GameOfLife\GameOfLife.csproj", "{D26EE51F-3F68-4ADB-A7AA-2C2F32A97E2E}"
EndProject
Project("{FAE04EC0-301F-11D3-BF4B-00C04F79EFBC}") = "GameOfLifeTests", "GameOfLifeTests\GameOfLifeTests.csproj", "{166CE794-34EB-4F89-A846-69A5FF409D20}"
EndProject
Global
	GlobalSection(SolutionConfigurationPlatforms) = preSolution
		Debug|Any CPU = Debug|Any CPU
		Release|Any CPU = Release|Any CPU
	EndGlobalSection
	GlobalSection(ProjectConfigurationPlatforms) = postSolution
		{D26EE51F-3F68-4ADB-A7AA-2C2F32A97E2E}.Debug|Any CPU.ActiveCfg = Debug|Any CPU
		{D26EE51F-3F68-4ADB-A7AA-2C2F32A97E2E}.Debug|Any CPU.Build.0 = Debug|Any CPU
		{D26EE51F-3F68-4ADB-A7AA-2C2F32A97E2E}.Release|Any CPU.ActiveCfg = Release|Any CPU
		{D26EE51F-3F68-4ADB-A7AA-2C2F32A97E2E}.Release|Any CPU.Build.0 = Release|Any CPU
		{166CE794-34EB-4F89-A846-69A5FF409D20}.Debug|Any CPU.ActiveCfg = Debug|Any CPU
		{166CE794-34EB-4F89-A846-69A5FF409D20}.Debug|Any CPU.Build.0 = Debug|Any CPU
		{166CE794-34EB-4F89-A846-69A5FF409D20}.Release|Any CPU.ActiveCfg = Release|Any CPU
		{166CE794-34EB-4F89-A846-69A5FF409D20}.Release|Any CPU.Build.0 = Release|Any CPU
	EndGlobalSection
	GlobalSection(SolutionProperties) = preSolution
		HideSolutionNode = FALSE
	EndGlobalSection
	GlobalSection(ExtensibilityGlobals) = postSolution
		SolutionGuid = {09B26E88-B8F1-4532-A276-27DBD56F6CAA}
	EndGlobalSection
EndGlobal
